
Microsoft Visual Studio Solution File, Format Version 12.00
# Visual Studio Version 16
VisualStudioVersion = 16.0.31702.278
MinimumVisualStudioVersion = 10.0.40219.1
Project("{9A19103F-16F7-4668-BE54-9A1E7A4F7556}") = "MailingService", "MailingService\MailingService.csproj", "{8C016B98-2D86-45E2-89CF-11610CF14635}"
EndProject
Project("{9A19103F-16F7-4668-BE54-9A1E7A4F7556}") = "Authentication", "Authentication\Authentication.csproj", "{D8F6AF97-9B07-4462-B797-D503D30F1206}"
EndProject
Project("{FAE04EC0-301F-11D3-BF4B-00C04F79EFBC}") = "DAL", "DAL\DAL.csproj", "{41F47860-B106-46D3-BC27-CB04A8D17E43}"
EndProject
Global
	GlobalSection(SolutionConfigurationPlatforms) = preSolution
		Debug|Any CPU = Debug|Any CPU
		Release|Any CPU = Release|Any CPU
	EndGlobalSection
	GlobalSection(ProjectConfigurationPlatforms) = postSolution
		{8C016B98-2D86-45E2-89CF-11610CF14635}.Debug|Any CPU.ActiveCfg = Debug|Any CPU
		{8C016B98-2D86-45E2-89CF-11610CF14635}.Debug|Any CPU.Build.0 = Debug|Any CPU
		{8C016B98-2D86-45E2-89CF-11610CF14635}.Release|Any CPU.ActiveCfg = Release|Any CPU
		{8C016B98-2D86-45E2-89CF-11610CF14635}.Release|Any CPU.Build.0 = Release|Any CPU
		{D8F6AF97-9B07-4462-B797-D503D30F1206}.Debug|Any CPU.ActiveCfg = Debug|Any CPU
		{D8F6AF97-9B07-4462-B797-D503D30F1206}.Debug|Any CPU.Build.0 = Debug|Any CPU
		{D8F6AF97-9B07-4462-B797-D503D30F1206}.Release|Any CPU.ActiveCfg = Release|Any CPU
		{D8F6AF97-9B07-4462-B797-D503D30F1206}.Release|Any CPU.Build.0 = Release|Any CPU
		{41F47860-B106-46D3-BC27-CB04A8D17E43}.Debug|Any CPU.ActiveCfg = Debug|Any CPU
		{41F47860-B106-46D3-BC27-CB04A8D17E43}.Debug|Any CPU.Build.0 = Debug|Any CPU
		{41F47860-B106-46D3-BC27-CB04A8D17E43}.Release|Any CPU.ActiveCfg = Release|Any CPU
		{41F47860-B106-46D3-BC27-CB04A8D17E43}.Release|Any CPU.Build.0 = Release|Any CPU
	EndGlobalSection
	GlobalSection(SolutionProperties) = preSolution
		HideSolutionNode = FALSE
	EndGlobalSection
	GlobalSection(ExtensibilityGlobals) = postSolution
		SolutionGuid = {4C78054B-A049-4E66-A10B-51E6F001C6D1}
	EndGlobalSection
EndGlobal
